
Microsoft Visual Studio Solution File, Format Version 12.00
# Visual Studio Version 17
VisualStudioVersion = 17.3.32922.545
MinimumVisualStudioVersion = 10.0.40219.1
Project("{FAE04EC0-301F-11D3-BF4B-00C04F79EFBC}") = "exerc9", "exerc9\exerc9.csproj", "{278457BF-E425-4E1E-AC81-340B3981D120}"
EndProject
Global
	GlobalSection(SolutionConfigurationPlatforms) = preSolution
		Debug|Any CPU = Debug|Any CPU
		Release|Any CPU = Release|Any CPU
	EndGlobalSection
	GlobalSection(ProjectConfigurationPlatforms) = postSolution
		{278457BF-E425-4E1E-AC81-340B3981D120}.Debug|Any CPU.ActiveCfg = Debug|Any CPU
		{278457BF-E425-4E1E-AC81-340B3981D120}.Debug|Any CPU.Build.0 = Debug|Any CPU
		{278457BF-E425-4E1E-AC81-340B3981D120}.Release|Any CPU.ActiveCfg = Release|Any CPU
		{278457BF-E425-4E1E-AC81-340B3981D120}.Release|Any CPU.Build.0 = Release|Any CPU
	EndGlobalSection
	GlobalSection(SolutionProperties) = preSolution
		HideSolutionNode = FALSE
	EndGlobalSection
	GlobalSection(ExtensibilityGlobals) = postSolution
		SolutionGuid = {4E60E659-0D4C-4F70-863D-6F4BC9467990}
	EndGlobalSection
EndGlobal
