
Microsoft Visual Studio Solution File, Format Version 12.00
# Visual Studio Version 17
VisualStudioVersion = 17.3.32922.545
MinimumVisualStudioVersion = 10.0.40219.1
Project("{FAE04EC0-301F-11D3-BF4B-00C04F79EFBC}") = "exerc5", "exerc5\exerc5.csproj", "{6E3A2483-686A-4AD1-B525-2AF3BED82329}"
EndProject
Global
	GlobalSection(SolutionConfigurationPlatforms) = preSolution
		Debug|Any CPU = Debug|Any CPU
		Release|Any CPU = Release|Any CPU
	EndGlobalSection
	GlobalSection(ProjectConfigurationPlatforms) = postSolution
		{6E3A2483-686A-4AD1-B525-2AF3BED82329}.Debug|Any CPU.ActiveCfg = Debug|Any CPU
		{6E3A2483-686A-4AD1-B525-2AF3BED82329}.Debug|Any CPU.Build.0 = Debug|Any CPU
		{6E3A2483-686A-4AD1-B525-2AF3BED82329}.Release|Any CPU.ActiveCfg = Release|Any CPU
		{6E3A2483-686A-4AD1-B525-2AF3BED82329}.Release|Any CPU.Build.0 = Release|Any CPU
	EndGlobalSection
	GlobalSection(SolutionProperties) = preSolution
		HideSolutionNode = FALSE
	EndGlobalSection
	GlobalSection(ExtensibilityGlobals) = postSolution
		SolutionGuid = {C20C7086-A93F-4FC2-AEA1-352315C151BC}
	EndGlobalSection
EndGlobal
